
Microsoft Visual Studio Solution File, Format Version 12.00
# Visual Studio Version 16
VisualStudioVersion = 16.0.31205.134
MinimumVisualStudioVersion = 10.0.40219.1
Project("{2150E333-8FDC-42A3-9474-1A3956D46DE8}") = "API", "API", "{509B694D-E53F-45EC-8328-32D73245DD9C}"
EndProject
Project("{2150E333-8FDC-42A3-9474-1A3956D46DE8}") = "DataBase", "DataBase", "{532FAEC4-55C1-4844-82B3-CEAA4122C728}"
EndProject
Project("{2150E333-8FDC-42A3-9474-1A3956D46DE8}") = "WPF", "WPF", "{7526D599-C1F5-47C4-BE19-F2D5CA0E940D}"
EndProject
Project("{FAE04EC0-301F-11D3-BF4B-00C04F79EFBC}") = "TRMDataManagerAPILibrary", "TRMDLL\TRMDataManagerAPILibrary.csproj", "{97899165-C85D-4FBE-82E7-CDE41D073D09}"
EndProject
Project("{FAE04EC0-301F-11D3-BF4B-00C04F79EFBC}") = "TRMDataManagerAPI", "TRMDataManagerAPI\TRMDataManagerAPI.csproj", "{24B46074-43A0-4A0E-8C98-153E9FB9C642}"
EndProject
Project("{00D1A9C2-B5F0-4AF3-8072-F6C62B433612}") = "TRMDataBase", "TRMDataBase\TRMDataBase.sqlproj", "{3FB01B0A-5987-400E-BA74-213A76CC18CA}"
EndProject
Project("{FAE04EC0-301F-11D3-BF4B-00C04F79EFBC}") = "TRMDesktopUI", "TRMDesktopUI\TRMDesktopUI.csproj", "{7D7C9F41-FAFB-4810-B164-6910BB863FC1}"
EndProject
Project("{FAE04EC0-301F-11D3-BF4B-00C04F79EFBC}") = "TRMDesktopUILibrary", "TRMDesktopUILibrary\TRMDesktopUILibrary.csproj", "{D0AE2647-026D-44CC-BE77-262E08987497}"
EndProject
Project("{FAE04EC0-301F-11D3-BF4B-00C04F79EFBC}") = "TRMApi", "TRMApi\TRMApi.csproj", "{700C1CE5-1543-4DA8-A9E0-5CEE487AC38F}"
EndProject
Global
	GlobalSection(SolutionConfigurationPlatforms) = preSolution
		Debug|Any CPU = Debug|Any CPU
		Release|Any CPU = Release|Any CPU
	EndGlobalSection
	GlobalSection(ProjectConfigurationPlatforms) = postSolution
		{97899165-C85D-4FBE-82E7-CDE41D073D09}.Debug|Any CPU.ActiveCfg = Debug|Any CPU
		{97899165-C85D-4FBE-82E7-CDE41D073D09}.Debug|Any CPU.Build.0 = Debug|Any CPU
		{97899165-C85D-4FBE-82E7-CDE41D073D09}.Release|Any CPU.ActiveCfg = Release|Any CPU
		{97899165-C85D-4FBE-82E7-CDE41D073D09}.Release|Any CPU.Build.0 = Release|Any CPU
		{24B46074-43A0-4A0E-8C98-153E9FB9C642}.Debug|Any CPU.ActiveCfg = Debug|Any CPU
		{24B46074-43A0-4A0E-8C98-153E9FB9C642}.Debug|Any CPU.Build.0 = Debug|Any CPU
		{24B46074-43A0-4A0E-8C98-153E9FB9C642}.Release|Any CPU.ActiveCfg = Release|Any CPU
		{24B46074-43A0-4A0E-8C98-153E9FB9C642}.Release|Any CPU.Build.0 = Release|Any CPU
		{3FB01B0A-5987-400E-BA74-213A76CC18CA}.Debug|Any CPU.ActiveCfg = Debug|Any CPU
		{3FB01B0A-5987-400E-BA74-213A76CC18CA}.Debug|Any CPU.Build.0 = Debug|Any CPU
		{3FB01B0A-5987-400E-BA74-213A76CC18CA}.Debug|Any CPU.Deploy.0 = Debug|Any CPU
		{3FB01B0A-5987-400E-BA74-213A76CC18CA}.Release|Any CPU.ActiveCfg = Release|Any CPU
		{3FB01B0A-5987-400E-BA74-213A76CC18CA}.Release|Any CPU.Build.0 = Release|Any CPU
		{3FB01B0A-5987-400E-BA74-213A76CC18CA}.Release|Any CPU.Deploy.0 = Release|Any CPU
		{7D7C9F41-FAFB-4810-B164-6910BB863FC1}.Debug|Any CPU.ActiveCfg = Debug|Any CPU
		{7D7C9F41-FAFB-4810-B164-6910BB863FC1}.Debug|Any CPU.Build.0 = Debug|Any CPU
		{7D7C9F41-FAFB-4810-B164-6910BB863FC1}.Release|Any CPU.ActiveCfg = Release|Any CPU
		{7D7C9F41-FAFB-4810-B164-6910BB863FC1}.Release|Any CPU.Build.0 = Release|Any CPU
		{D0AE2647-026D-44CC-BE77-262E08987497}.Debug|Any CPU.ActiveCfg = Debug|Any CPU
		{D0AE2647-026D-44CC-BE77-262E08987497}.Debug|Any CPU.Build.0 = Debug|Any CPU
		{D0AE2647-026D-44CC-BE77-262E08987497}.Release|Any CPU.ActiveCfg = Release|Any CPU
		{D0AE2647-026D-44CC-BE77-262E08987497}.Release|Any CPU.Build.0 = Release|Any CPU
		{700C1CE5-1543-4DA8-A9E0-5CEE487AC38F}.Debug|Any CPU.ActiveCfg = Debug|Any CPU
		{700C1CE5-1543-4DA8-A9E0-5CEE487AC38F}.Debug|Any CPU.Build.0 = Debug|Any CPU
		{700C1CE5-1543-4DA8-A9E0-5CEE487AC38F}.Release|Any CPU.ActiveCfg = Release|Any CPU
		{700C1CE5-1543-4DA8-A9E0-5CEE487AC38F}.Release|Any CPU.Build.0 = Release|Any CPU
	EndGlobalSection
	GlobalSection(SolutionProperties) = preSolution
		HideSolutionNode = FALSE
	EndGlobalSection
	GlobalSection(NestedProjects) = preSolution
		{97899165-C85D-4FBE-82E7-CDE41D073D09} = {509B694D-E53F-45EC-8328-32D73245DD9C}
		{24B46074-43A0-4A0E-8C98-153E9FB9C642} = {509B694D-E53F-45EC-8328-32D73245DD9C}
		{3FB01B0A-5987-400E-BA74-213A76CC18CA} = {532FAEC4-55C1-4844-82B3-CEAA4122C728}
		{7D7C9F41-FAFB-4810-B164-6910BB863FC1} = {7526D599-C1F5-47C4-BE19-F2D5CA0E940D}
		{D0AE2647-026D-44CC-BE77-262E08987497} = {7526D599-C1F5-47C4-BE19-F2D5CA0E940D}
		{700C1CE5-1543-4DA8-A9E0-5CEE487AC38F} = {509B694D-E53F-45EC-8328-32D73245DD9C}
	EndGlobalSection
	GlobalSection(ExtensibilityGlobals) = postSolution
		SolutionGuid = {3985C35C-7499-4C74-9B10-FC03C4B5F1CC}
	EndGlobalSection
EndGlobal
